// !$*UTF8*$!
{
	archiveVersion = 1;
	classes = {
	};
	objectVersion = 50;
	objects = {

/* Begin PBXBuildFile section */
		F43E561F2538164F006B011B /* AppDelegate.swift in Sources */ = {isa = PBXBuildFile; fileRef = F43E561E2538164F006B011B /* AppDelegate.swift */; };
		F43E56212538164F006B011B /* SceneDelegate.swift in Sources */ = {isa = PBXBuildFile; fileRef = F43E56202538164F006B011B /* SceneDelegate.swift */; };
		F43E56232538164F006B011B /* ViewController.swift in Sources */ = {isa = PBXBuildFile; fileRef = F43E56222538164F006B011B /* ViewController.swift */; };
		F43E56262538164F006B011B /* Main.storyboard in Resources */ = {isa = PBXBuildFile; fileRef = F43E56242538164F006B011B /* Main.storyboard */; };
		F43E562825381651006B011B /* Assets.xcassets in Resources */ = {isa = PBXBuildFile; fileRef = F43E562725381651006B011B /* Assets.xcassets */; };
		F43E562B25381651006B011B /* LaunchScreen.storyboard in Resources */ = {isa = PBXBuildFile; fileRef = F43E562925381651006B011B /* LaunchScreen.storyboard */; };
		F43E563625381652006B011B /* GraidentTextLabelTests.swift in Sources */ = {isa = PBXBuildFile; fileRef = F43E563525381652006B011B /* GraidentTextLabelTests.swift */; };
		F43E564125381652006B011B /* GraidentTextLabelUITests.swift in Sources */ = {isa = PBXBuildFile; fileRef = F43E564025381652006B011B /* GraidentTextLabelUITests.swift */; };
/* End PBXBuildFile section */

/* Begin PBXContainerItemProxy section */
		F43E563225381652006B011B /* PBXContainerItemProxy */ = {
			isa = PBXContainerItemProxy;
			containerPortal = F43E56132538164F006B011B /* Project object */;
			proxyType = 1;
			remoteGlobalIDString = F43E561A2538164F006B011B;
			remoteInfo = GraidentTextLabel;
		};
		F43E563D25381652006B011B /* PBXContainerItemProxy */ = {
			isa = PBXContainerItemProxy;
			containerPortal = F43E56132538164F006B011B /* Project object */;
			proxyType = 1;
			remoteGlobalIDString = F43E561A2538164F006B011B;
			remoteInfo = GraidentTextLabel;
		};
/* End PBXContainerItemProxy section */

/* Begin PBXFileReference section */
		F43E561B2538164F006B011B /* GraidentTextLabel.app */ = {isa = PBXFileReference; explicitFileType = wrapper.application; includeInIndex = 0; path = GraidentTextLabel.app; sourceTree = BUILT_PRODUCTS_DIR; };
		F43E561E2538164F006B011B /* AppDelegate.swift */ = {isa = PBXFileReference; lastKnownFileType = sourcecode.swift; path = AppDelegate.swift; sourceTree = "<group>"; };
		F43E56202538164F006B011B /* SceneDelegate.swift */ = {isa = PBXFileReference; lastKnownFileType = sourcecode.swift; path = SceneDelegate.swift; sourceTree = "<group>"; };
		F43E56222538164F006B011B /* ViewController.swift */ = {isa = PBXFileReference; lastKnownFileType = sourcecode.swift; path = ViewController.swift; sourceTree = "<group>"; };
		F43E56252538164F006B011B /* Base */ = {isa = PBXFileReference; lastKnownFileType = file.storyboard; name = Base; path = Base.lproj/Main.storyboard; sourceTree = "<group>"; };
		F43E562725381651006B011B /* Assets.xcassets */ = {isa = PBXFileReference; lastKnownFileType = folder.assetcatalog; path = Assets.xcassets; sourceTree = "<group>"; };
		F43E562A25381651006B011B /* Base */ = {isa = PBXFileReference; lastKnownFileType = file.storyboard; name = Base; path = Base.lproj/LaunchScreen.storyboard; sourceTree = "<group>"; };
		F43E562C25381651006B011B /* Info.plist */ = {isa = PBXFileReference; lastKnownFileType = text.plist.xml; path = Info.plist; sourceTree = "<group>"; };
		F43E563125381652006B011B /* GraidentTextLabelTests.xctest */ = {isa = PBXFileReference; explicitFileType = wrapper.cfbundle; includeInIndex = 0; path = GraidentTextLabelTests.xctest; sourceTree = BUILT_PRODUCTS_DIR; };
		F43E563525381652006B011B /* GraidentTextLabelTests.swift */ = {isa = PBXFileReference; lastKnownFileType = sourcecode.swift; path = GraidentTextLabelTests.swift; sourceTree = "<group>"; };
		F43E563725381652006B011B /* Info.plist */ = {isa = PBXFileReference; lastKnownFileType = text.plist.xml; path = Info.plist; sourceTree = "<group>"; };
		F43E563C25381652006B011B /* GraidentTextLabelUITests.xctest */ = {isa = PBXFileReference; explicitFileType = wrapper.cfbundle; includeInIndex = 0; path = GraidentTextLabelUITests.xctest; sourceTree = BUILT_PRODUCTS_DIR; };
		F43E564025381652006B011B /* GraidentTextLabelUITests.swift */ = {isa = PBXFileReference; lastKnownFileType = sourcecode.swift; path = GraidentTextLabelUITests.swift; sourceTree = "<group>"; };
		F43E564225381652006B011B /* Info.plist */ = {isa = PBXFileReference; lastKnownFileType = text.plist.xml; path = Info.plist; sourceTree = "<group>"; };
/* End PBXFileReference section */

/* Begin PBXFrameworksBuildPhase section */
		F43E56182538164F006B011B /* Frameworks */ = {
			isa = PBXFrameworksBuildPhase;
			buildActionMask = 2147483647;
			files = (
			);
			runOnlyForDeploymentPostprocessing = 0;
		};
		F43E562E25381652006B011B /* Frameworks */ = {
			isa = PBXFrameworksBuildPhase;
			buildActionMask = 2147483647;
			files = (
			);
			runOnlyForDeploymentPostprocessing = 0;
		};
		F43E563925381652006B011B /* Frameworks */ = {
			isa = PBXFrameworksBuildPhase;
			buildActionMask = 2147483647;
			files = (
			);
			runOnlyForDeploymentPostprocessing = 0;
		};
/* End PBXFrameworksBuildPhase section */

/* Begin PBXGroup section */
		F43E56122538164F006B011B = {
			isa = PBXGroup;
			children = (
				F43E561D2538164F006B011B /* GraidentTextLabel */,
				F43E563425381652006B011B /* GraidentTextLabelTests */,
				F43E563F25381652006B011B /* GraidentTextLabelUITests */,
				F43E561C2538164F006B011B /* Products */,
			);
			sourceTree = "<group>";
		};
		F43E561C2538164F006B011B /* Products */ = {
			isa = PBXGroup;
			children = (
				F43E561B2538164F006B011B /* GraidentTextLabel.app */,
				F43E563125381652006B011B /* GraidentTextLabelTests.xctest */,
				F43E563C25381652006B011B /* GraidentTextLabelUITests.xctest */,
			);
			name = Products;
			sourceTree = "<group>";
		};
		F43E561D2538164F006B011B /* GraidentTextLabel */ = {
			isa = PBXGroup;
			children = (
				F43E561E2538164F006B011B /* AppDelegate.swift */,
				F43E56202538164F006B011B /* SceneDelegate.swift */,
				F43E56222538164F006B011B /* ViewController.swift */,
				F43E56242538164F006B011B /* Main.storyboard */,
				F43E562725381651006B011B /* Assets.xcassets */,
				F43E562925381651006B011B /* LaunchScreen.storyboard */,
				F43E562C25381651006B011B /* Info.plist */,
			);
			path = GraidentTextLabel;
			sourceTree = "<group>";
		};
		F43E563425381652006B011B /* GraidentTextLabelTests */ = {
			isa = PBXGroup;
			children = (
				F43E563525381652006B011B /* GraidentTextLabelTests.swift */,
				F43E563725381652006B011B /* Info.plist */,
			);
			path = GraidentTextLabelTests;
			sourceTree = "<group>";
		};
		F43E563F25381652006B011B /* GraidentTextLabelUITests */ = {
			isa = PBXGroup;
			children = (
				F43E564025381652006B011B /* GraidentTextLabelUITests.swift */,
				F43E564225381652006B011B /* Info.plist */,
			);
			path = GraidentTextLabelUITests;
			sourceTree = "<group>";
		};
/* End PBXGroup section */

/* Begin PBXNativeTarget section */
		F43E561A2538164F006B011B /* GraidentTextLabel */ = {
			isa = PBXNativeTarget;
			buildConfigurationList = F43E564525381652006B011B /* Build configuration list for PBXNativeTarget "GraidentTextLabel" */;
			buildPhases = (
				F43E56172538164F006B011B /* Sources */,
				F43E56182538164F006B011B /* Frameworks */,
				F43E56192538164F006B011B /* Resources */,
			);
			buildRules = (
			);
			dependencies = (
			);
			name = GraidentTextLabel;
			productName = GraidentTextLabel;
			productReference = F43E561B2538164F006B011B /* GraidentTextLabel.app */;
			productType = "com.apple.product-type.application";
		};
		F43E563025381652006B011B /* GraidentTextLabelTests */ = {
			isa = PBXNativeTarget;
			buildConfigurationList = F43E564825381652006B011B /* Build configuration list for PBXNativeTarget "GraidentTextLabelTests" */;
			buildPhases = (
				F43E562D25381652006B011B /* Sources */,
				F43E562E25381652006B011B /* Frameworks */,
				F43E562F25381652006B011B /* Resources */,
			);
			buildRules = (
			);
			dependencies = (
				F43E563325381652006B011B /* PBXTargetDependency */,
			);
			name = GraidentTextLabelTests;
			productName = GraidentTextLabelTests;
			productReference = F43E563125381652006B011B /* GraidentTextLabelTests.xctest */;
			productType = "com.apple.product-type.bundle.unit-test";
		};
		F43E563B25381652006B011B /* GraidentTextLabelUITests */ = {
			isa = PBXNativeTarget;
			buildConfigurationList = F43E564B25381652006B011B /* Build configuration list for PBXNativeTarget "GraidentTextLabelUITests" */;
			buildPhases = (
				F43E563825381652006B011B /* Sources */,
				F43E563925381652006B011B /* Frameworks */,
				F43E563A25381652006B011B /* Resources */,
			);
			buildRules = (
			);
			dependencies = (
				F43E563E25381652006B011B /* PBXTargetDependency */,
			);
			name = GraidentTextLabelUITests;
			productName = GraidentTextLabelUITests;
			productReference = F43E563C25381652006B011B /* GraidentTextLabelUITests.xctest */;
			productType = "com.apple.product-type.bundle.ui-testing";
		};
/* End PBXNativeTarget section */

/* Begin PBXProject section */
		F43E56132538164F006B011B /* Project object */ = {
			isa = PBXProject;
			attributes = {
				LastSwiftUpdateCheck = 1200;
				LastUpgradeCheck = 1200;
				TargetAttributes = {
					F43E561A2538164F006B011B = {
						CreatedOnToolsVersion = 12.0;
					};
					F43E563025381652006B011B = {
						CreatedOnToolsVersion = 12.0;
						TestTargetID = F43E561A2538164F006B011B;
					};
					F43E563B25381652006B011B = {
						CreatedOnToolsVersion = 12.0;
						TestTargetID = F43E561A2538164F006B011B;
					};
				};
			};
			buildConfigurationList = F43E56162538164F006B011B /* Build configuration list for PBXProject "GraidentTextLabel" */;
			compatibilityVersion = "Xcode 9.3";
			developmentRegion = en;
			hasScannedForEncodings = 0;
			knownRegions = (
				en,
				Base,
			);
			mainGroup = F43E56122538164F006B011B;
			productRefGroup = F43E561C2538164F006B011B /* Products */;
			projectDirPath = "";
			projectRoot = "";
			targets = (
				F43E561A2538164F006B011B /* GraidentTextLabel */,
				F43E563025381652006B011B /* GraidentTextLabelTests */,
				F43E563B25381652006B011B /* GraidentTextLabelUITests */,
			);
		};
/* End PBXProject section */

/* Begin PBXResourcesBuildPhase section */
		F43E56192538164F006B011B /* Resources */ = {
			isa = PBXResourcesBuildPhase;
			buildActionMask = 2147483647;
			files = (
				F43E562B25381651006B011B /* LaunchScreen.storyboard in Resources */,
				F43E562825381651006B011B /* Assets.xcassets in Resources */,
				F43E56262538164F006B011B /* Main.storyboard in Resources */,
			);
			runOnlyForDeploymentPostprocessing = 0;
		};
		F43E562F25381652006B011B /* Resources */ = {
			isa = PBXResourcesBuildPhase;
			buildActionMask = 2147483647;
			files = (
			);
			runOnlyForDeploymentPostprocessing = 0;
		};
		F43E563A25381652006B011B /* Resources */ = {
			isa = PBXResourcesBuildPhase;
			buildActionMask = 2147483647;
			files = (
			);
			runOnlyForDeploymentPostprocessing = 0;
		};
/* End PBXResourcesBuildPhase section */

/* Begin PBXSourcesBuildPhase section */
		F43E56172538164F006B011B /* Sources */ = {
			isa = PBXSourcesBuildPhase;
			buildActionMask = 2147483647;
			files = (
				F43E56232538164F006B011B /* ViewController.swift in Sources */,
				F43E561F2538164F006B011B /* AppDelegate.swift in Sources */,
				F43E56212538164F006B011B /* SceneDelegate.swift in Sources */,
			);
			runOnlyForDeploymentPostprocessing = 0;
		};
		F43E562D25381652006B011B /* Sources */ = {
			isa = PBXSourcesBuildPhase;
			buildActionMask = 2147483647;
			files = (
				F43E563625381652006B011B /* GraidentTextLabelTests.swift in Sources */,
			);
			runOnlyForDeploymentPostprocessing = 0;
		};
		F43E563825381652006B011B /* Sources */ = {
			isa = PBXSourcesBuildPhase;
			buildActionMask = 2147483647;
			files = (
				F43E564125381652006B011B /* GraidentTextLabelUITests.swift in Sources */,
			);
			runOnlyForDeploymentPostprocessing = 0;
		};
/* End PBXSourcesBuildPhase section */

/* Begin PBXTargetDependency section */
		F43E563325381652006B011B /* PBXTargetDependency */ = {
			isa = PBXTargetDependency;
			target = F43E561A2538164F006B011B /* GraidentTextLabel */;
			targetProxy = F43E563225381652006B011B /* PBXContainerItemProxy */;
		};
		F43E563E25381652006B011B /* PBXTargetDependency */ = {
			isa = PBXTargetDependency;
			target = F43E561A2538164F006B011B /* GraidentTextLabel */;
			targetProxy = F43E563D25381652006B011B /* PBXContainerItemProxy */;
		};
/* End PBXTargetDependency section */

/* Begin PBXVariantGroup section */
		F43E56242538164F006B011B /* Main.storyboard */ = {
			isa = PBXVariantGroup;
			children = (
				F43E56252538164F006B011B /* Base */,
			);
			name = Main.storyboard;
			sourceTree = "<group>";
		};
		F43E562925381651006B011B /* LaunchScreen.storyboard */ = {
			isa = PBXVariantGroup;
			children = (
				F43E562A25381651006B011B /* Base */,
			);
			name = LaunchScreen.storyboard;
			sourceTree = "<group>";
		};
/* End PBXVariantGroup section */

/* Begin XCBuildConfiguration section */
		F43E564325381652006B011B /* Debug */ = {
			isa = XCBuildConfiguration;
			buildSettings = {
				ALWAYS_SEARCH_USER_PATHS = NO;
				CLANG_ANALYZER_NONNULL = YES;
				CLANG_ANALYZER_NUMBER_OBJECT_CONVERSION = YES_AGGRESSIVE;
				CLANG_CXX_LANGUAGE_STANDARD = "gnu++14";
				CLANG_CXX_LIBRARY = "libc++";
				CLANG_ENABLE_MODULES = YES;
				CLANG_ENABLE_OBJC_ARC = YES;
				CLANG_ENABLE_OBJC_WEAK = YES;
				CLANG_WARN_BLOCK_CAPTURE_AUTORELEASING = YES;
				CLANG_WARN_BOOL_CONVERSION = YES;
				CLANG_WARN_COMMA = YES;
				CLANG_WARN_CONSTANT_CONVERSION = YES;
				CLANG_WARN_DEPRECATED_OBJC_IMPLEMENTATIONS = YES;
				CLANG_WARN_DIRECT_OBJC_ISA_USAGE = YES_ERROR;
				CLANG_WARN_DOCUMENTATION_COMMENTS = YES;
				CLANG_WARN_EMPTY_BODY = YES;
				CLANG_WARN_ENUM_CONVERSION = YES;
				CLANG_WARN_INFINITE_RECURSION = YES;
				CLANG_WARN_INT_CONVERSION = YES;
				CLANG_WARN_NON_LITERAL_NULL_CONVERSION = YES;
				CLANG_WARN_OBJC_IMPLICIT_RETAIN_SELF = YES;
				CLANG_WARN_OBJC_LITERAL_CONVERSION = YES;
				CLANG_WARN_OBJC_ROOT_CLASS = YES_ERROR;
				CLANG_WARN_QUOTED_INCLUDE_IN_FRAMEWORK_HEADER = YES;
				CLANG_WARN_RANGE_LOOP_ANALYSIS = YES;
				CLANG_WARN_STRICT_PROTOTYPES = YES;
				CLANG_WARN_SUSPICIOUS_MOVE = YES;
				CLANG_WARN_UNGUARDED_AVAILABILITY = YES_AGGRESSIVE;
				CLANG_WARN_UNREACHABLE_CODE = YES;
				CLANG_WARN__DUPLICATE_METHOD_MATCH = YES;
				COPY_PHASE_STRIP = NO;
				DEBUG_INFORMATION_FORMAT = dwarf;
				ENABLE_STRICT_OBJC_MSGSEND = YES;
				ENABLE_TESTABILITY = YES;
				GCC_C_LANGUAGE_STANDARD = gnu11;
				GCC_DYNAMIC_NO_PIC = NO;
				GCC_NO_COMMON_BLOCKS = YES;
				GCC_OPTIMIZATION_LEVEL = 0;
				GCC_PREPROCESSOR_DEFINITIONS = (
					"DEBUG=1",
					"$(inherited)",
				);
				GCC_WARN_64_TO_32_BIT_CONVERSION = YES;
				GCC_WARN_ABOUT_RETURN_TYPE = YES_ERROR;
				GCC_WARN_UNDECLARED_SELECTOR = YES;
				GCC_WARN_UNINITIALIZED_AUTOS = YES_AGGRESSIVE;
				GCC_WARN_UNUSED_FUNCTION = YES;
				GCC_WARN_UNUSED_VARIABLE = YES;
				IPHONEOS_DEPLOYMENT_TARGET = 14.0;
				MTL_ENABLE_DEBUG_INFO = INCLUDE_SOURCE;
				MTL_FAST_MATH = YES;
				ONLY_ACTIVE_ARCH = YES;
				SDKROOT = iphoneos;
				SWIFT_ACTIVE_COMPILATION_CONDITIONS = DEBUG;
				SWIFT_OPTIMIZATION_LEVEL = "-Onone";
			};
			name = Debug;
		};
		F43E564425381652006B011B /* Release */ = {
			isa = XCBuildConfiguration;
			buildSettings = {
				ALWAYS_SEARCH_USER_PATHS = NO;
				CLANG_ANALYZER_NONNULL = YES;
				CLANG_ANALYZER_NUMBER_OBJECT_CONVERSION = YES_AGGRESSIVE;
				CLANG_CXX_LANGUAGE_STANDARD = "gnu++14";
				CLANG_CXX_LIBRARY = "libc++";
				CLANG_ENABLE_MODULES = YES;
				CLANG_ENABLE_OBJC_ARC = YES;
				CLANG_ENABLE_OBJC_WEAK = YES;
				CLANG_WARN_BLOCK_CAPTURE_AUTORELEASING = YES;
				CLANG_WARN_BOOL_CONVERSION = YES;
				CLANG_WARN_COMMA = YES;
				CLANG_WARN_CONSTANT_CONVERSION = YES;
				CLANG_WARN_DEPRECATED_OBJC_IMPLEMENTATIONS = YES;
				CLANG_WARN_DIRECT_OBJC_ISA_USAGE = YES_ERROR;
				CLANG_WARN_DOCUMENTATION_COMMENTS = YES;
				CLANG_WARN_EMPTY_BODY = YES;
				CLANG_WARN_ENUM_CONVERSION = YES;
				CLANG_WARN_INFINITE_RECURSION = YES;
				CLANG_WARN_INT_CONVERSION = YES;
				CLANG_WARN_NON_LITERAL_NULL_CONVERSION = YES;
				CLANG_WARN_OBJC_IMPLICIT_RETAIN_SELF = YES;
				CLANG_WARN_OBJC_LITERAL_CONVERSION = YES;
				CLANG_WARN_OBJC_ROOT_CLASS = YES_ERROR;
				CLANG_WARN_QUOTED_INCLUDE_IN_FRAMEWORK_HEADER = YES;
				CLANG_WARN_RANGE_LOOP_ANALYSIS = YES;
				CLANG_WARN_STRICT_PROTOTYPES = YES;
				CLANG_WARN_SUSPICIOUS_MOVE = YES;
				CLANG_WARN_UNGUARDED_AVAILABILITY = YES_AGGRESSIVE;
				CLANG_WARN_UNREACHABLE_CODE = YES;
				CLANG_WARN__DUPLICATE_METHOD_MATCH = YES;
				COPY_PHASE_STRIP = NO;
				DEBUG_INFORMATION_FORMAT = "dwarf-with-dsym";
				ENABLE_NS_ASSERTIONS = NO;
				ENABLE_STRICT_OBJC_MSGSEND = YES;
				GCC_C_LANGUAGE_STANDARD = gnu11;
				GCC_NO_COMMON_BLOCKS = YES;
				GCC_WARN_64_TO_32_BIT_CONVERSION = YES;
				GCC_WARN_ABOUT_RETURN_TYPE = YES_ERROR;
				GCC_WARN_UNDECLARED_SELECTOR = YES;
				GCC_WARN_UNINITIALIZED_AUTOS = YES_AGGRESSIVE;
				GCC_WARN_UNUSED_FUNCTION = YES;
				GCC_WARN_UNUSED_VARIABLE = YES;
				IPHONEOS_DEPLOYMENT_TARGET = 14.0;
				MTL_ENABLE_DEBUG_INFO = NO;
				MTL_FAST_MATH = YES;
				SDKROOT = iphoneos;
				SWIFT_COMPILATION_MODE = wholemodule;
				SWIFT_OPTIMIZATION_LEVEL = "-O";
				VALIDATE_PRODUCT = YES;
			};
			name = Release;
		};
		F43E564625381652006B011B /* Debug */ = {
			isa = XCBuildConfiguration;
			buildSettings = {
				ASSETCATALOG_COMPILER_APPICON_NAME = AppIcon;
				ASSETCATALOG_COMPILER_GLOBAL_ACCENT_COLOR_NAME = AccentColor;
				CODE_SIGN_STYLE = Automatic;
				INFOPLIST_FILE = GraidentTextLabel/Info.plist;
				LD_RUNPATH_SEARCH_PATHS = (
					"$(inherited)",
					"@executable_path/Frameworks",
				);
				PRODUCT_BUNDLE_IDENTIFIER = zhouwk.GraidentTextLabel;
				PRODUCT_NAME = "$(TARGET_NAME)";
				SWIFT_VERSION = 5.0;
				TARGETED_DEVICE_FAMILY = "1,2";
			};
			name = Debug;
		};
		F43E564725381652006B011B /* Release */ = {
			isa = XCBuildConfiguration;
			buildSettings = {
				ASSETCATALOG_COMPILER_APPICON_NAME = AppIcon;
				ASSETCATALOG_COMPILER_GLOBAL_ACCENT_COLOR_NAME = AccentColor;
				CODE_SIGN_STYLE = Automatic;
				INFOPLIST_FILE = GraidentTextLabel/Info.plist;
				LD_RUNPATH_SEARCH_PATHS = (
					"$(inherited)",
					"@executable_path/Frameworks",
				);
				PRODUCT_BUNDLE_IDENTIFIER = zhouwk.GraidentTextLabel;
				PRODUCT_NAME = "$(TARGET_NAME)";
				SWIFT_VERSION = 5.0;
				TARGETED_DEVICE_FAMILY = "1,2";
			};
			name = Release;
		};
		F43E564925381652006B011B /* Debug */ = {
			isa = XCBuildConfiguration;
			buildSettings = {
				ALWAYS_EMBED_SWIFT_STANDARD_LIBRARIES = YES;
				BUNDLE_LOADER = "$(TEST_HOST)";
				CODE_SIGN_STYLE = Automatic;
				INFOPLIST_FILE = GraidentTextLabelTests/Info.plist;
				IPHONEOS_DEPLOYMENT_TARGET = 14.0;
				LD_RUNPATH_SEARCH_PATHS = (
					"$(inherited)",
					"@executable_path/Frameworks",
					"@loader_path/Frameworks",
				);
				PRODUCT_BUNDLE_IDENTIFIER = zhouwk.GraidentTextLabelTests;
				PRODUCT_NAME = "$(TARGET_NAME)";
				SWIFT_VERSION = 5.0;
				TARGETED_DEVICE_FAMILY = "1,2";
				TEST_HOST = "$(BUILT_PRODUCTS_DIR)/GraidentTextLabel.app/GraidentTextLabel";
			};
			name = Debug;
		};
		F43E564A25381652006B011B /* Release */ = {
			isa = XCBuildConfiguration;
			buildSettings = {
				ALWAYS_EMBED_SWIFT_STANDARD_LIBRARIES = YES;
				BUNDLE_LOADER = "$(TEST_HOST)";
				CODE_SIGN_STYLE = Automatic;
				INFOPLIST_FILE = GraidentTextLabelTests/Info.plist;
				IPHONEOS_DEPLOYMENT_TARGET = 14.0;
				LD_RUNPATH_SEARCH_PATHS = (
					"$(inherited)",
					"@executable_path/Frameworks",
					"@loader_path/Frameworks",
				);
				PRODUCT_BUNDLE_IDENTIFIER = zhouwk.GraidentTextLabelTests;
				PRODUCT_NAME = "$(TARGET_NAME)";
				SWIFT_VERSION = 5.0;
				TARGETED_DEVICE_FAMILY = "1,2";
				TEST_HOST = "$(BUILT_PRODUCTS_DIR)/GraidentTextLabel.app/GraidentTextLabel";
			};
			name = Release;
		};
		F43E564C25381652006B011B /* Debug */ = {
			isa = XCBuildConfiguration;
			buildSettings = {
				ALWAYS_EMBED_SWIFT_STANDARD_LIBRARIES = YES;
				CODE_SIGN_STYLE = Automatic;
				INFOPLIST_FILE = GraidentTextLabelUITests/Info.plist;
				LD_RUNPATH_SEARCH_PATHS = (
					"$(inherited)",
					"@executable_path/Frameworks",
					"@loader_path/Frameworks",
				);
				PRODUCT_BUNDLE_IDENTIFIER = zhouwk.GraidentTextLabelUITests;
				PRODUCT_NAME = "$(TARGET_NAME)";
				SWIFT_VERSION = 5.0;
				TARGETED_DEVICE_FAMILY = "1,2";
				TEST_TARGET_NAME = GraidentTextLabel;
			};
			name = Debug;
		};
		F43E564D25381652006B011B /* Release */ = {
			isa = XCBuildConfiguration;
			buildSettings = {
				ALWAYS_EMBED_SWIFT_STANDARD_LIBRARIES = YES;
				CODE_SIGN_STYLE = Automatic;
				INFOPLIST_FILE = GraidentTextLabelUITests/Info.plist;
				LD_RUNPATH_SEARCH_PATHS = (
					"$(inherited)",
					"@executable_path/Frameworks",
					"@loader_path/Frameworks",
				);
				PRODUCT_BUNDLE_IDENTIFIER = zhouwk.GraidentTextLabelUITests;
				PRODUCT_NAME = "$(TARGET_NAME)";
				SWIFT_VERSION = 5.0;
				TARGETED_DEVICE_FAMILY = "1,2";
				TEST_TARGET_NAME = GraidentTextLabel;
			};
			name = Release;
		};
/* End XCBuildConfiguration section */

/* Begin XCConfigurationList section */
		F43E56162538164F006B011B /* Build configuration list for PBXProject "GraidentTextLabel" */ = {
			isa = XCConfigurationList;
			buildConfigurations = (
				F43E564325381652006B011B /* Debug */,
				F43E564425381652006B011B /* Release */,
			);
			defaultConfigurationIsVisible = 0;
			defaultConfigurationName = Release;
		};
		F43E564525381652006B011B /* Build configuration list for PBXNativeTarget "GraidentTextLabel" */ = {
			isa = XCConfigurationList;
			buildConfigurations = (
				F43E564625381652006B011B /* Debug */,
				F43E564725381652006B011B /* Release */,
			);
			defaultConfigurationIsVisible = 0;
			defaultConfigurationName = Release;
		};
		F43E564825381652006B011B /* Build configuration list for PBXNativeTarget "GraidentTextLabelTests" */ = {
			isa = XCConfigurationList;
			buildConfigurations = (
				F43E564925381652006B011B /* Debug */,
				F43E564A25381652006B011B /* Release */,
			);
			defaultConfigurationIsVisible = 0;
			defaultConfigurationName = Release;
		};
		F43E564B25381652006B011B /* Build configuration list for PBXNativeTarget "GraidentTextLabelUITests" */ = {
			isa = XCConfigurationList;
			buildConfigurations = (
				F43E564C25381652006B011B /* Debug */,
				F43E564D25381652006B011B /* Release */,
			);
			defaultConfigurationIsVisible = 0;
			defaultConfigurationName = Release;
		};
/* End XCConfigurationList section */
	};
	rootObject = F43E56132538164F006B011B /* Project object */;
}
